
Microsoft Visual Studio Solution File, Format Version 12.00
# Visual Studio Version 16
VisualStudioVersion = 16.0.33529.622
MinimumVisualStudioVersion = 10.0.40219.1
Project("{8BC9CEB8-8B4A-11D0-8D11-00A0C91BC942}") = "XmlToHtmlConverter", "XmlToHtmlConverter\XmlToHtmlConverter.vcxproj", "{43F778D6-B491-4126-BABA-51F103726467}"
EndProject
Global
	GlobalSection(SolutionConfigurationPlatforms) = preSolution
		Debug|x64 = Debug|x64
		Debug|x86 = Debug|x86
		Release|x64 = Release|x64
		Release|x86 = Release|x86
	EndGlobalSection
	GlobalSection(ProjectConfigurationPlatforms) = postSolution
		{43F778D6-B491-4126-BABA-51F103726467}.Debug|x64.ActiveCfg = Debug|x64
		{43F778D6-B491-4126-BABA-51F103726467}.Debug|x64.Build.0 = Debug|x64
		{43F778D6-B491-4126-BABA-51F103726467}.Debug|x86.ActiveCfg = Debug|Win32
		{43F778D6-B491-4126-BABA-51F103726467}.Debug|x86.Build.0 = Debug|Win32
		{43F778D6-B491-4126-BABA-51F103726467}.Release|x64.ActiveCfg = Release|x64
		{43F778D6-B491-4126-BABA-51F103726467}.Release|x64.Build.0 = Release|x64
		{43F778D6-B491-4126-BABA-51F103726467}.Release|x86.ActiveCfg = Release|Win32
		{43F778D6-B491-4126-BABA-51F103726467}.Release|x86.Build.0 = Release|Win32
	EndGlobalSection
	GlobalSection(SolutionProperties) = preSolution
		HideSolutionNode = FALSE
	EndGlobalSection
	GlobalSection(ExtensibilityGlobals) = postSolution
		SolutionGuid = {C2CBC770-496B-4AB5-8E5F-73E6FABFAB82}
	EndGlobalSection
EndGlobal
